
Microsoft Visual Studio Solution File, Format Version 12.00
# Visual Studio 2013
VisualStudioVersion = 12.0.31101.0
MinimumVisualStudioVersion = 10.0.40219.1
Project("{FAE04EC0-301F-11D3-BF4B-00C04F79EFBC}") = "MultiChannelToDo", "MultiChannelToDo\MultiChannelToDo.csproj", "{7FD00959-F0CB-43B2-90AD-DBBCADD18098}"
EndProject
Project("{FAE04EC0-301F-11D3-BF4B-00C04F79EFBC}") = "MultiChannelToDo.Web", "MultiChannelToDo.Web\MultiChannelToDo.Web.csproj", "{42BAD27A-43D5-4E96-AAF4-0DDB65C30C65}"
EndProject
Global
	GlobalSection(SolutionConfigurationPlatforms) = preSolution
		Debug|Any CPU = Debug|Any CPU
		Release|Any CPU = Release|Any CPU
	EndGlobalSection
	GlobalSection(ProjectConfigurationPlatforms) = postSolution
		{7FD00959-F0CB-43B2-90AD-DBBCADD18098}.Debug|Any CPU.ActiveCfg = Debug|Any CPU
		{7FD00959-F0CB-43B2-90AD-DBBCADD18098}.Debug|Any CPU.Build.0 = Debug|Any CPU
		{7FD00959-F0CB-43B2-90AD-DBBCADD18098}.Release|Any CPU.ActiveCfg = Release|Any CPU
		{7FD00959-F0CB-43B2-90AD-DBBCADD18098}.Release|Any CPU.Build.0 = Release|Any CPU
		{42BAD27A-43D5-4E96-AAF4-0DDB65C30C65}.Debug|Any CPU.ActiveCfg = Debug|Any CPU
		{42BAD27A-43D5-4E96-AAF4-0DDB65C30C65}.Debug|Any CPU.Build.0 = Debug|Any CPU
		{42BAD27A-43D5-4E96-AAF4-0DDB65C30C65}.Release|Any CPU.ActiveCfg = Release|Any CPU
		{42BAD27A-43D5-4E96-AAF4-0DDB65C30C65}.Release|Any CPU.Build.0 = Release|Any CPU
	EndGlobalSection
	GlobalSection(SolutionProperties) = preSolution
		HideSolutionNode = FALSE
	EndGlobalSection
EndGlobal
