
Microsoft Visual Studio Solution File, Format Version 12.00
# Visual Studio 2013
VisualStudioVersion = 12.0.30723.0
MinimumVisualStudioVersion = 10.0.40219.1
Project("{FAE04EC0-301F-11D3-BF4B-00C04F79EFBC}") = "ToDoAzure", "ToDoAzure\ToDoAzure\ToDoAzure.csproj", "{8E72CADC-8BD3-4548-AA5C-9F2BFD76FAE8}"
EndProject
Project("{FAE04EC0-301F-11D3-BF4B-00C04F79EFBC}") = "ToDoAzure.iOS", "ToDoAzure\ToDoAzure.iOS\ToDoAzure.iOS.csproj", "{73904AE5-9F37-4D81-A7C0-EE33903E39E9}"
EndProject
Project("{FAE04EC0-301F-11D3-BF4B-00C04F79EFBC}") = "ToDoAzure.Droid", "ToDoAzure\ToDoAzure.Droid\ToDoAzure.Droid.csproj", "{856B28DB-2E8C-4B93-8E8C-1DA977C5C4B3}"
EndProject
Project("{FAE04EC0-301F-11D3-BF4B-00C04F79EFBC}") = "ToDoAzure.WinPhone", "ToDoAzure\ToDoAzure.WinPhone\ToDoAzure.WinPhone.csproj", "{A56965A3-690E-4642-AFC5-B0B059ABA075}"
EndProject
Global
	GlobalSection(SolutionConfigurationPlatforms) = preSolution
		Ad-Hoc|Any CPU = Ad-Hoc|Any CPU
		Ad-Hoc|ARM = Ad-Hoc|ARM
		Ad-Hoc|iPhone = Ad-Hoc|iPhone
		Ad-Hoc|iPhoneSimulator = Ad-Hoc|iPhoneSimulator
		Ad-Hoc|Mixed Platforms = Ad-Hoc|Mixed Platforms
		Ad-Hoc|x86 = Ad-Hoc|x86
		AppStore|Any CPU = AppStore|Any CPU
		AppStore|ARM = AppStore|ARM
		AppStore|iPhone = AppStore|iPhone
		AppStore|iPhoneSimulator = AppStore|iPhoneSimulator
		AppStore|Mixed Platforms = AppStore|Mixed Platforms
		AppStore|x86 = AppStore|x86
		Debug|Any CPU = Debug|Any CPU
		Debug|ARM = Debug|ARM
		Debug|iPhone = Debug|iPhone
		Debug|iPhoneSimulator = Debug|iPhoneSimulator
		Debug|Mixed Platforms = Debug|Mixed Platforms
		Debug|x86 = Debug|x86
		Release|Any CPU = Release|Any CPU
		Release|ARM = Release|ARM
		Release|iPhone = Release|iPhone
		Release|iPhoneSimulator = Release|iPhoneSimulator
		Release|Mixed Platforms = Release|Mixed Platforms
		Release|x86 = Release|x86
	EndGlobalSection
	GlobalSection(ProjectConfigurationPlatforms) = postSolution
		{8E72CADC-8BD3-4548-AA5C-9F2BFD76FAE8}.Ad-Hoc|Any CPU.ActiveCfg = Release|Any CPU
		{8E72CADC-8BD3-4548-AA5C-9F2BFD76FAE8}.Ad-Hoc|Any CPU.Build.0 = Release|Any CPU
		{8E72CADC-8BD3-4548-AA5C-9F2BFD76FAE8}.Ad-Hoc|ARM.ActiveCfg = Release|Any CPU
		{8E72CADC-8BD3-4548-AA5C-9F2BFD76FAE8}.Ad-Hoc|iPhone.ActiveCfg = Release|Any CPU
		{8E72CADC-8BD3-4548-AA5C-9F2BFD76FAE8}.Ad-Hoc|iPhoneSimulator.ActiveCfg = Release|Any CPU
		{8E72CADC-8BD3-4548-AA5C-9F2BFD76FAE8}.Ad-Hoc|Mixed Platforms.ActiveCfg = Release|Any CPU
		{8E72CADC-8BD3-4548-AA5C-9F2BFD76FAE8}.Ad-Hoc|Mixed Platforms.Build.0 = Release|Any CPU
		{8E72CADC-8BD3-4548-AA5C-9F2BFD76FAE8}.Ad-Hoc|x86.ActiveCfg = Release|Any CPU
		{8E72CADC-8BD3-4548-AA5C-9F2BFD76FAE8}.AppStore|Any CPU.ActiveCfg = Release|Any CPU
		{8E72CADC-8BD3-4548-AA5C-9F2BFD76FAE8}.AppStore|Any CPU.Build.0 = Release|Any CPU
		{8E72CADC-8BD3-4548-AA5C-9F2BFD76FAE8}.AppStore|ARM.ActiveCfg = Release|Any CPU
		{8E72CADC-8BD3-4548-AA5C-9F2BFD76FAE8}.AppStore|iPhone.ActiveCfg = Release|Any CPU
		{8E72CADC-8BD3-4548-AA5C-9F2BFD76FAE8}.AppStore|iPhoneSimulator.ActiveCfg = Release|Any CPU
		{8E72CADC-8BD3-4548-AA5C-9F2BFD76FAE8}.AppStore|Mixed Platforms.ActiveCfg = Release|Any CPU
		{8E72CADC-8BD3-4548-AA5C-9F2BFD76FAE8}.AppStore|Mixed Platforms.Build.0 = Release|Any CPU
		{8E72CADC-8BD3-4548-AA5C-9F2BFD76FAE8}.AppStore|x86.ActiveCfg = Release|Any CPU
		{8E72CADC-8BD3-4548-AA5C-9F2BFD76FAE8}.Debug|Any CPU.ActiveCfg = Debug|Any CPU
		{8E72CADC-8BD3-4548-AA5C-9F2BFD76FAE8}.Debug|Any CPU.Build.0 = Debug|Any CPU
		{8E72CADC-8BD3-4548-AA5C-9F2BFD76FAE8}.Debug|ARM.ActiveCfg = Debug|Any CPU
		{8E72CADC-8BD3-4548-AA5C-9F2BFD76FAE8}.Debug|iPhone.ActiveCfg = Debug|Any CPU
		{8E72CADC-8BD3-4548-AA5C-9F2BFD76FAE8}.Debug|iPhone.Build.0 = Debug|Any CPU
		{8E72CADC-8BD3-4548-AA5C-9F2BFD76FAE8}.Debug|iPhoneSimulator.ActiveCfg = Debug|Any CPU
		{8E72CADC-8BD3-4548-AA5C-9F2BFD76FAE8}.Debug|iPhoneSimulator.Build.0 = Debug|Any CPU
		{8E72CADC-8BD3-4548-AA5C-9F2BFD76FAE8}.Debug|Mixed Platforms.ActiveCfg = Debug|Any CPU
		{8E72CADC-8BD3-4548-AA5C-9F2BFD76FAE8}.Debug|Mixed Platforms.Build.0 = Debug|Any CPU
		{8E72CADC-8BD3-4548-AA5C-9F2BFD76FAE8}.Debug|x86.ActiveCfg = Debug|Any CPU
		{8E72CADC-8BD3-4548-AA5C-9F2BFD76FAE8}.Release|Any CPU.ActiveCfg = Release|Any CPU
		{8E72CADC-8BD3-4548-AA5C-9F2BFD76FAE8}.Release|Any CPU.Build.0 = Release|Any CPU
		{8E72CADC-8BD3-4548-AA5C-9F2BFD76FAE8}.Release|ARM.ActiveCfg = Release|Any CPU
		{8E72CADC-8BD3-4548-AA5C-9F2BFD76FAE8}.Release|iPhone.ActiveCfg = Release|Any CPU
		{8E72CADC-8BD3-4548-AA5C-9F2BFD76FAE8}.Release|iPhoneSimulator.ActiveCfg = Release|Any CPU
		{8E72CADC-8BD3-4548-AA5C-9F2BFD76FAE8}.Release|Mixed Platforms.ActiveCfg = Release|Any CPU
		{8E72CADC-8BD3-4548-AA5C-9F2BFD76FAE8}.Release|Mixed Platforms.Build.0 = Release|Any CPU
		{8E72CADC-8BD3-4548-AA5C-9F2BFD76FAE8}.Release|x86.ActiveCfg = Release|Any CPU
		{73904AE5-9F37-4D81-A7C0-EE33903E39E9}.Ad-Hoc|Any CPU.ActiveCfg = Ad-Hoc|iPhone
		{73904AE5-9F37-4D81-A7C0-EE33903E39E9}.Ad-Hoc|ARM.ActiveCfg = Ad-Hoc|iPhone
		{73904AE5-9F37-4D81-A7C0-EE33903E39E9}.Ad-Hoc|iPhone.ActiveCfg = Ad-Hoc|iPhone
		{73904AE5-9F37-4D81-A7C0-EE33903E39E9}.Ad-Hoc|iPhone.Build.0 = Ad-Hoc|iPhone
		{73904AE5-9F37-4D81-A7C0-EE33903E39E9}.Ad-Hoc|iPhoneSimulator.ActiveCfg = Ad-Hoc|iPhoneSimulator
		{73904AE5-9F37-4D81-A7C0-EE33903E39E9}.Ad-Hoc|iPhoneSimulator.Build.0 = Ad-Hoc|iPhoneSimulator
		{73904AE5-9F37-4D81-A7C0-EE33903E39E9}.Ad-Hoc|Mixed Platforms.ActiveCfg = Ad-Hoc|iPhone
		{73904AE5-9F37-4D81-A7C0-EE33903E39E9}.Ad-Hoc|Mixed Platforms.Build.0 = Ad-Hoc|iPhone
		{73904AE5-9F37-4D81-A7C0-EE33903E39E9}.Ad-Hoc|x86.ActiveCfg = Ad-Hoc|iPhone
		{73904AE5-9F37-4D81-A7C0-EE33903E39E9}.AppStore|Any CPU.ActiveCfg = AppStore|iPhone
		{73904AE5-9F37-4D81-A7C0-EE33903E39E9}.AppStore|ARM.ActiveCfg = AppStore|iPhone
		{73904AE5-9F37-4D81-A7C0-EE33903E39E9}.AppStore|iPhone.ActiveCfg = AppStore|iPhone
		{73904AE5-9F37-4D81-A7C0-EE33903E39E9}.AppStore|iPhone.Build.0 = AppStore|iPhone
		{73904AE5-9F37-4D81-A7C0-EE33903E39E9}.AppStore|iPhoneSimulator.ActiveCfg = AppStore|iPhoneSimulator
		{73904AE5-9F37-4D81-A7C0-EE33903E39E9}.AppStore|iPhoneSimulator.Build.0 = AppStore|iPhoneSimulator
		{73904AE5-9F37-4D81-A7C0-EE33903E39E9}.AppStore|Mixed Platforms.ActiveCfg = AppStore|iPhone
		{73904AE5-9F37-4D81-A7C0-EE33903E39E9}.AppStore|Mixed Platforms.Build.0 = AppStore|iPhone
		{73904AE5-9F37-4D81-A7C0-EE33903E39E9}.AppStore|x86.ActiveCfg = AppStore|iPhone
		{73904AE5-9F37-4D81-A7C0-EE33903E39E9}.Debug|Any CPU.ActiveCfg = Debug|iPhone
		{73904AE5-9F37-4D81-A7C0-EE33903E39E9}.Debug|ARM.ActiveCfg = Debug|iPhone
		{73904AE5-9F37-4D81-A7C0-EE33903E39E9}.Debug|iPhone.ActiveCfg = Debug|iPhone
		{73904AE5-9F37-4D81-A7C0-EE33903E39E9}.Debug|iPhone.Build.0 = Debug|iPhone
		{73904AE5-9F37-4D81-A7C0-EE33903E39E9}.Debug|iPhoneSimulator.ActiveCfg = Debug|iPhoneSimulator
		{73904AE5-9F37-4D81-A7C0-EE33903E39E9}.Debug|iPhoneSimulator.Build.0 = Debug|iPhoneSimulator
		{73904AE5-9F37-4D81-A7C0-EE33903E39E9}.Debug|Mixed Platforms.ActiveCfg = Debug|iPhone
		{73904AE5-9F37-4D81-A7C0-EE33903E39E9}.Debug|Mixed Platforms.Build.0 = Debug|iPhone
		{73904AE5-9F37-4D81-A7C0-EE33903E39E9}.Debug|x86.ActiveCfg = Debug|iPhone
		{73904AE5-9F37-4D81-A7C0-EE33903E39E9}.Release|Any CPU.ActiveCfg = Release|iPhone
		{73904AE5-9F37-4D81-A7C0-EE33903E39E9}.Release|ARM.ActiveCfg = Release|iPhone
		{73904AE5-9F37-4D81-A7C0-EE33903E39E9}.Release|iPhone.ActiveCfg = Release|iPhone
		{73904AE5-9F37-4D81-A7C0-EE33903E39E9}.Release|iPhone.Build.0 = Release|iPhone
		{73904AE5-9F37-4D81-A7C0-EE33903E39E9}.Release|iPhoneSimulator.ActiveCfg = Release|iPhoneSimulator
		{73904AE5-9F37-4D81-A7C0-EE33903E39E9}.Release|iPhoneSimulator.Build.0 = Release|iPhoneSimulator
		{73904AE5-9F37-4D81-A7C0-EE33903E39E9}.Release|Mixed Platforms.ActiveCfg = Release|iPhone
		{73904AE5-9F37-4D81-A7C0-EE33903E39E9}.Release|Mixed Platforms.Build.0 = Release|iPhone
		{73904AE5-9F37-4D81-A7C0-EE33903E39E9}.Release|x86.ActiveCfg = Release|iPhone
		{856B28DB-2E8C-4B93-8E8C-1DA977C5C4B3}.Ad-Hoc|Any CPU.ActiveCfg = Release|Any CPU
		{856B28DB-2E8C-4B93-8E8C-1DA977C5C4B3}.Ad-Hoc|Any CPU.Build.0 = Release|Any CPU
		{856B28DB-2E8C-4B93-8E8C-1DA977C5C4B3}.Ad-Hoc|Any CPU.Deploy.0 = Release|Any CPU
		{856B28DB-2E8C-4B93-8E8C-1DA977C5C4B3}.Ad-Hoc|ARM.ActiveCfg = Release|Any CPU
		{856B28DB-2E8C-4B93-8E8C-1DA977C5C4B3}.Ad-Hoc|iPhone.ActiveCfg = Release|Any CPU
		{856B28DB-2E8C-4B93-8E8C-1DA977C5C4B3}.Ad-Hoc|iPhoneSimulator.ActiveCfg = Release|Any CPU
		{856B28DB-2E8C-4B93-8E8C-1DA977C5C4B3}.Ad-Hoc|Mixed Platforms.ActiveCfg = Release|Any CPU
		{856B28DB-2E8C-4B93-8E8C-1DA977C5C4B3}.Ad-Hoc|Mixed Platforms.Build.0 = Release|Any CPU
		{856B28DB-2E8C-4B93-8E8C-1DA977C5C4B3}.Ad-Hoc|Mixed Platforms.Deploy.0 = Release|Any CPU
		{856B28DB-2E8C-4B93-8E8C-1DA977C5C4B3}.Ad-Hoc|x86.ActiveCfg = Release|Any CPU
		{856B28DB-2E8C-4B93-8E8C-1DA977C5C4B3}.AppStore|Any CPU.ActiveCfg = Release|Any CPU
		{856B28DB-2E8C-4B93-8E8C-1DA977C5C4B3}.AppStore|Any CPU.Build.0 = Release|Any CPU
		{856B28DB-2E8C-4B93-8E8C-1DA977C5C4B3}.AppStore|Any CPU.Deploy.0 = Release|Any CPU
		{856B28DB-2E8C-4B93-8E8C-1DA977C5C4B3}.AppStore|ARM.ActiveCfg = Release|Any CPU
		{856B28DB-2E8C-4B93-8E8C-1DA977C5C4B3}.AppStore|iPhone.ActiveCfg = Release|Any CPU
		{856B28DB-2E8C-4B93-8E8C-1DA977C5C4B3}.AppStore|iPhoneSimulator.ActiveCfg = Release|Any CPU
		{856B28DB-2E8C-4B93-8E8C-1DA977C5C4B3}.AppStore|Mixed Platforms.ActiveCfg = Release|Any CPU
		{856B28DB-2E8C-4B93-8E8C-1DA977C5C4B3}.AppStore|Mixed Platforms.Build.0 = Release|Any CPU
		{856B28DB-2E8C-4B93-8E8C-1DA977C5C4B3}.AppStore|Mixed Platforms.Deploy.0 = Release|Any CPU
		{856B28DB-2E8C-4B93-8E8C-1DA977C5C4B3}.AppStore|x86.ActiveCfg = Release|Any CPU
		{856B28DB-2E8C-4B93-8E8C-1DA977C5C4B3}.Debug|Any CPU.ActiveCfg = Debug|Any CPU
		{856B28DB-2E8C-4B93-8E8C-1DA977C5C4B3}.Debug|Any CPU.Build.0 = Debug|Any CPU
		{856B28DB-2E8C-4B93-8E8C-1DA977C5C4B3}.Debug|Any CPU.Deploy.0 = Debug|Any CPU
		{856B28DB-2E8C-4B93-8E8C-1DA977C5C4B3}.Debug|ARM.ActiveCfg = Debug|Any CPU
		{856B28DB-2E8C-4B93-8E8C-1DA977C5C4B3}.Debug|iPhone.ActiveCfg = Debug|Any CPU
		{856B28DB-2E8C-4B93-8E8C-1DA977C5C4B3}.Debug|iPhoneSimulator.ActiveCfg = Debug|Any CPU
		{856B28DB-2E8C-4B93-8E8C-1DA977C5C4B3}.Debug|Mixed Platforms.ActiveCfg = Debug|Any CPU
		{856B28DB-2E8C-4B93-8E8C-1DA977C5C4B3}.Debug|Mixed Platforms.Build.0 = Debug|Any CPU
		{856B28DB-2E8C-4B93-8E8C-1DA977C5C4B3}.Debug|Mixed Platforms.Deploy.0 = Debug|Any CPU
		{856B28DB-2E8C-4B93-8E8C-1DA977C5C4B3}.Debug|x86.ActiveCfg = Debug|Any CPU
		{856B28DB-2E8C-4B93-8E8C-1DA977C5C4B3}.Release|Any CPU.ActiveCfg = Release|Any CPU
		{856B28DB-2E8C-4B93-8E8C-1DA977C5C4B3}.Release|Any CPU.Build.0 = Release|Any CPU
		{856B28DB-2E8C-4B93-8E8C-1DA977C5C4B3}.Release|Any CPU.Deploy.0 = Release|Any CPU
		{856B28DB-2E8C-4B93-8E8C-1DA977C5C4B3}.Release|ARM.ActiveCfg = Release|Any CPU
		{856B28DB-2E8C-4B93-8E8C-1DA977C5C4B3}.Release|iPhone.ActiveCfg = Release|Any CPU
		{856B28DB-2E8C-4B93-8E8C-1DA977C5C4B3}.Release|iPhoneSimulator.ActiveCfg = Release|Any CPU
		{856B28DB-2E8C-4B93-8E8C-1DA977C5C4B3}.Release|Mixed Platforms.ActiveCfg = Release|Any CPU
		{856B28DB-2E8C-4B93-8E8C-1DA977C5C4B3}.Release|Mixed Platforms.Build.0 = Release|Any CPU
		{856B28DB-2E8C-4B93-8E8C-1DA977C5C4B3}.Release|Mixed Platforms.Deploy.0 = Release|Any CPU
		{856B28DB-2E8C-4B93-8E8C-1DA977C5C4B3}.Release|x86.ActiveCfg = Release|Any CPU
		{A56965A3-690E-4642-AFC5-B0B059ABA075}.Ad-Hoc|Any CPU.ActiveCfg = Release|Any CPU
		{A56965A3-690E-4642-AFC5-B0B059ABA075}.Ad-Hoc|Any CPU.Build.0 = Release|Any CPU
		{A56965A3-690E-4642-AFC5-B0B059ABA075}.Ad-Hoc|Any CPU.Deploy.0 = Release|Any CPU
		{A56965A3-690E-4642-AFC5-B0B059ABA075}.Ad-Hoc|ARM.ActiveCfg = Release|ARM
		{A56965A3-690E-4642-AFC5-B0B059ABA075}.Ad-Hoc|ARM.Build.0 = Release|ARM
		{A56965A3-690E-4642-AFC5-B0B059ABA075}.Ad-Hoc|ARM.Deploy.0 = Release|ARM
		{A56965A3-690E-4642-AFC5-B0B059ABA075}.Ad-Hoc|iPhone.ActiveCfg = Release|Any CPU
		{A56965A3-690E-4642-AFC5-B0B059ABA075}.Ad-Hoc|iPhoneSimulator.ActiveCfg = Release|Any CPU
		{A56965A3-690E-4642-AFC5-B0B059ABA075}.Ad-Hoc|Mixed Platforms.ActiveCfg = Release|x86
		{A56965A3-690E-4642-AFC5-B0B059ABA075}.Ad-Hoc|Mixed Platforms.Build.0 = Release|x86
		{A56965A3-690E-4642-AFC5-B0B059ABA075}.Ad-Hoc|Mixed Platforms.Deploy.0 = Release|x86
		{A56965A3-690E-4642-AFC5-B0B059ABA075}.Ad-Hoc|x86.ActiveCfg = Release|x86
		{A56965A3-690E-4642-AFC5-B0B059ABA075}.Ad-Hoc|x86.Build.0 = Release|x86
		{A56965A3-690E-4642-AFC5-B0B059ABA075}.Ad-Hoc|x86.Deploy.0 = Release|x86
		{A56965A3-690E-4642-AFC5-B0B059ABA075}.AppStore|Any CPU.ActiveCfg = Release|Any CPU
		{A56965A3-690E-4642-AFC5-B0B059ABA075}.AppStore|Any CPU.Build.0 = Release|Any CPU
		{A56965A3-690E-4642-AFC5-B0B059ABA075}.AppStore|Any CPU.Deploy.0 = Release|Any CPU
		{A56965A3-690E-4642-AFC5-B0B059ABA075}.AppStore|ARM.ActiveCfg = Release|ARM
		{A56965A3-690E-4642-AFC5-B0B059ABA075}.AppStore|ARM.Build.0 = Release|ARM
		{A56965A3-690E-4642-AFC5-B0B059ABA075}.AppStore|ARM.Deploy.0 = Release|ARM
		{A56965A3-690E-4642-AFC5-B0B059ABA075}.AppStore|iPhone.ActiveCfg = Release|Any CPU
		{A56965A3-690E-4642-AFC5-B0B059ABA075}.AppStore|iPhoneSimulator.ActiveCfg = Release|Any CPU
		{A56965A3-690E-4642-AFC5-B0B059ABA075}.AppStore|Mixed Platforms.ActiveCfg = Release|x86
		{A56965A3-690E-4642-AFC5-B0B059ABA075}.AppStore|Mixed Platforms.Build.0 = Release|x86
		{A56965A3-690E-4642-AFC5-B0B059ABA075}.AppStore|Mixed Platforms.Deploy.0 = Release|x86
		{A56965A3-690E-4642-AFC5-B0B059ABA075}.AppStore|x86.ActiveCfg = Release|x86
		{A56965A3-690E-4642-AFC5-B0B059ABA075}.AppStore|x86.Build.0 = Release|x86
		{A56965A3-690E-4642-AFC5-B0B059ABA075}.AppStore|x86.Deploy.0 = Release|x86
		{A56965A3-690E-4642-AFC5-B0B059ABA075}.Debug|Any CPU.ActiveCfg = Debug|Any CPU
		{A56965A3-690E-4642-AFC5-B0B059ABA075}.Debug|ARM.ActiveCfg = Debug|ARM
		{A56965A3-690E-4642-AFC5-B0B059ABA075}.Debug|ARM.Build.0 = Debug|ARM
		{A56965A3-690E-4642-AFC5-B0B059ABA075}.Debug|ARM.Deploy.0 = Debug|ARM
		{A56965A3-690E-4642-AFC5-B0B059ABA075}.Debug|iPhone.ActiveCfg = Debug|Any CPU
		{A56965A3-690E-4642-AFC5-B0B059ABA075}.Debug|iPhoneSimulator.ActiveCfg = Debug|Any CPU
		{A56965A3-690E-4642-AFC5-B0B059ABA075}.Debug|Mixed Platforms.ActiveCfg = Debug|x86
		{A56965A3-690E-4642-AFC5-B0B059ABA075}.Debug|Mixed Platforms.Build.0 = Debug|x86
		{A56965A3-690E-4642-AFC5-B0B059ABA075}.Debug|Mixed Platforms.Deploy.0 = Debug|x86
		{A56965A3-690E-4642-AFC5-B0B059ABA075}.Debug|x86.ActiveCfg = Debug|x86
		{A56965A3-690E-4642-AFC5-B0B059ABA075}.Debug|x86.Build.0 = Debug|x86
		{A56965A3-690E-4642-AFC5-B0B059ABA075}.Debug|x86.Deploy.0 = Debug|x86
		{A56965A3-690E-4642-AFC5-B0B059ABA075}.Release|Any CPU.ActiveCfg = Release|Any CPU
		{A56965A3-690E-4642-AFC5-B0B059ABA075}.Release|Any CPU.Build.0 = Release|Any CPU
		{A56965A3-690E-4642-AFC5-B0B059ABA075}.Release|Any CPU.Deploy.0 = Release|Any CPU
		{A56965A3-690E-4642-AFC5-B0B059ABA075}.Release|ARM.ActiveCfg = Release|ARM
		{A56965A3-690E-4642-AFC5-B0B059ABA075}.Release|ARM.Build.0 = Release|ARM
		{A56965A3-690E-4642-AFC5-B0B059ABA075}.Release|ARM.Deploy.0 = Release|ARM
		{A56965A3-690E-4642-AFC5-B0B059ABA075}.Release|iPhone.ActiveCfg = Release|Any CPU
		{A56965A3-690E-4642-AFC5-B0B059ABA075}.Release|iPhoneSimulator.ActiveCfg = Release|Any CPU
		{A56965A3-690E-4642-AFC5-B0B059ABA075}.Release|Mixed Platforms.ActiveCfg = Release|x86
		{A56965A3-690E-4642-AFC5-B0B059ABA075}.Release|Mixed Platforms.Build.0 = Release|x86
		{A56965A3-690E-4642-AFC5-B0B059ABA075}.Release|Mixed Platforms.Deploy.0 = Release|x86
		{A56965A3-690E-4642-AFC5-B0B059ABA075}.Release|x86.ActiveCfg = Release|x86
		{A56965A3-690E-4642-AFC5-B0B059ABA075}.Release|x86.Build.0 = Release|x86
		{A56965A3-690E-4642-AFC5-B0B059ABA075}.Release|x86.Deploy.0 = Release|x86
	EndGlobalSection
	GlobalSection(SolutionProperties) = preSolution
		HideSolutionNode = FALSE
	EndGlobalSection
EndGlobal
